<?xml version="1.0" encoding="UTF-8"?>
<Scheme
   LastUpgradeVersion = "1230"
   version = "1.3">
   <BuildAction
      parallelizeBuildables = "YES"
      buildImplicitDependencies = "YES">
      <BuildActionEntries>
         <BuildActionEntry
            buildForTesting = "YES"
            buildForRunning = "YES"
            buildForProfiling = "YES"
            buildForArchiving = "YES"
            buildForAnalyzing = "YES">
            <BuildableReference
               BuildableIdentifier = "primary"
               BlueprintIdentifier = "D5B24DD71DEE393B00D33B5A"
               BuildableName = "Mobilinkd TNC Config.app"
               BlueprintName = "Mobilinkd TNC Config"
               ReferencedContainer = "container:Mobilinkd TNC Config.xcodeproj">
            </BuildableReference>
         </BuildActionEntry>
      </BuildActionEntries>
   </BuildAction>
   <TestAction
      buildConfiguration = "Debug"
      selectedDebuggerIdentifier = "Xcode.DebuggerFoundation.Debugger.LLDB"
      selectedLauncherIdentifier = "Xcode.DebuggerFoundation.Launcher.LLDB"
      shouldUseLaunchSchemeArgsEnv = "YES">
      <LaunchConfiguration>
         <BuildableReference
            BuildableIdentifier = "primary"
            BlueprintIdentifier = "D5B24DD71DEE393B00D33B5A"
            BuildableName = "Mobilinkd TNC Config.app"
            BlueprintName = "Mobilinkd TNC Config"
            ReferencedContainer = "container:Mobilinkd TNC Config.xcodeproj">
         </BuildableReference>
      </LaunchConfiguration>
      <MacroExpansion>
         <BuildableReference
            BuildableIdentifier = "primary"
            BlueprintIdentifier = "D5B24DD71DEE393B00D33B5A"
            BuildableName = "Mobilinkd TNC Config.app"
            BlueprintName = "Mobilinkd TNC Config"
            ReferencedContainer = "container:Mobilinkd TNC Config.xcodeproj">
         </BuildableReference>
         <BuildableReference
            BuildableIdentifier = "primary"
            BlueprintIdentifier = "0DB8BE4A11074A9F80AF820E"
            BuildableName = "iosTncConfigUITests.bundle"
            BlueprintName = "iosTncConfigUITests"
            ReferencedContainer = "container:Mobilinkd TNC Config.xcodeproj">
         </BuildableReference>
      </MacroExpansion>
      <Testables>
         <TestableReference
            skipped = "NO"
            friendlyName = "iosTncConfigUITests"
            targetBuildProductContainer = "container:Mobilinkd TNC Config.xcodeproj"
            blueprintAbsolutePath = "/Users/rob/git/iosTncConfig/Mobilinkd TNC Config.xcodeproj"
            blueprintIdentifier = "0DB8BE4A11074A9F80AF820E">
            <BuildableReference
               BuildableIdentifier = "primary"
               BlueprintIdentifier = "0DB8BE4A11074A9F80AF820E"
               BuildableName = "iosTncConfigUITests.bundle"
               BlueprintName = "iosTncConfigUITests"
               ReferencedContainer = "container:Mobilinkd TNC Config.xcodeproj">
            </BuildableReference>
         </TestableReference>
      </Testables>
   </TestAction>
   <LaunchAction
      buildConfiguration = "Release"
      selectedDebuggerIdentifier = "Xcode.DebuggerFoundation.Debugger.LLDB"
      selectedLauncherIdentifier = "Xcode.DebuggerFoundation.Launcher.LLDB"
      launchStyle = "0"
      useCustomWorkingDirectory = "NO"
      ignoresPersistentStateOnLaunch = "NO"
      debugDocumentVersioning = "YES"
      debugServiceExtension = "internal"
      allowLocationSimulation = "YES">
      <BuildableProductRunnable
         runnableDebuggingMode = "0">
         <BuildableReference
            BuildableIdentifier = "primary"
            BlueprintIdentifier = "D5B24DD71DEE393B00D33B5A"
            BuildableName = "Mobilinkd TNC Config.app"
            BlueprintName = "Mobilinkd TNC Config"
            ReferencedContainer = "container:Mobilinkd TNC Config.xcodeproj">
         </BuildableReference>
      </BuildableProductRunnable>
   </LaunchAction>
   <ProfileAction
      buildConfiguration = "Release"
      shouldUseLaunchSchemeArgsEnv = "YES"
      savedToolIdentifier = ""
      useCustomWorkingDirectory = "NO"
      debugDocumentVersioning = "YES">
      <BuildableProductRunnable
         runnableDebuggingMode = "0">
         <BuildableReference
            BuildableIdentifier = "primary"
            BlueprintIdentifier = "D5B24DD71DEE393B00D33B5A"
            BuildableName = "Mobilinkd TNC Config.app"
            BlueprintName = "Mobilinkd TNC Config"
            ReferencedContainer = "container:Mobilinkd TNC Config.xcodeproj">
         </BuildableReference>
      </BuildableProductRunnable>
   </ProfileAction>
   <AnalyzeAction
      buildConfiguration = "Debug">
   </AnalyzeAction>
   <ArchiveAction
      buildConfiguration = "Release"
      revealArchiveInOrganizer = "YES">
   </ArchiveAction>
</Scheme>
